# Generated by pub
# See https://dart.dev/tools/pub/glossary#lockfile
packages:
  csv:
    dependency: "direct main"
    description:
      name: csv
      sha256: c6aa2679b2a18cb57652920f674488d89712efaf4d3fdf2e537215b35fc19d6c
      url: "https://pub.dev"
    source: hosted
    version: "6.0.0"
sdks:
  dart: ">=3.0.0 <4.0.0"
